
Microsoft Visual Studio Solution File, Format Version 12.00
Project("{FAE04EC0-301F-11D3-BF4B-00C04F79EFBC}") = "OrtProgram.Server", "OrtProgram.Server\OrtProgram.Server.csproj", "{84EA4DA8-41D9-4F4D-BA8E-856A4E43C192}"
EndProject
Global
	GlobalSection(SolutionConfigurationPlatforms) = preSolution
		Debug|Any CPU = Debug|Any CPU
		Release|Any CPU = Release|Any CPU
	EndGlobalSection
	GlobalSection(ProjectConfigurationPlatforms) = postSolution
		{84EA4DA8-41D9-4F4D-BA8E-856A4E43C192}.Debug|Any CPU.ActiveCfg = Debug|Any CPU
		{84EA4DA8-41D9-4F4D-BA8E-856A4E43C192}.Debug|Any CPU.Build.0 = Debug|Any CPU
		{84EA4DA8-41D9-4F4D-BA8E-856A4E43C192}.Release|Any CPU.ActiveCfg = Release|Any CPU
		{84EA4DA8-41D9-4F4D-BA8E-856A4E43C192}.Release|Any CPU.Build.0 = Release|Any CPU
	EndGlobalSection
EndGlobal
